
Microsoft Visual Studio Solution File, Format Version 12.00
# Visual Studio Version 17
VisualStudioVersion = 17.13.35818.85 d17.13
MinimumVisualStudioVersion = 10.0.40219.1
Project("{FAE04EC0-301F-11D3-BF4B-00C04F79EFBC}") = "IHC_Design-de-telas", "IHC_Design-de-telas.csproj", "{44945ECC-48CE-40B1-8ACE-B710AC9B2C36}"
EndProject
Global
	GlobalSection(SolutionConfigurationPlatforms) = preSolution
		Debug|Any CPU = Debug|Any CPU
		Release|Any CPU = Release|Any CPU
	EndGlobalSection
	GlobalSection(ProjectConfigurationPlatforms) = postSolution
		{44945ECC-48CE-40B1-8ACE-B710AC9B2C36}.Debug|Any CPU.ActiveCfg = Debug|Any CPU
		{44945ECC-48CE-40B1-8ACE-B710AC9B2C36}.Debug|Any CPU.Build.0 = Debug|Any CPU
		{44945ECC-48CE-40B1-8ACE-B710AC9B2C36}.Release|Any CPU.ActiveCfg = Release|Any CPU
		{44945ECC-48CE-40B1-8ACE-B710AC9B2C36}.Release|Any CPU.Build.0 = Release|Any CPU
	EndGlobalSection
	GlobalSection(SolutionProperties) = preSolution
		HideSolutionNode = FALSE
	EndGlobalSection
	GlobalSection(ExtensibilityGlobals) = postSolution
		SolutionGuid = {86693A74-A236-48B3-A60E-C68E52C78CBB}
	EndGlobalSection
EndGlobal
